
Microsoft Visual Studio Solution File, Format Version 12.00
# Visual Studio 15
VisualStudioVersion = 15.0.28307.271
MinimumVisualStudioVersion = 10.0.40219.1
Project("{FAE04EC0-301F-11D3-BF4B-00C04F79EFBC}") = "QualityReaction", "QualityReaction\QualityReaction.csproj", "{6CAB479B-6021-4E22-BDC5-A6962004D6F9}"
EndProject
Project("{FAE04EC0-301F-11D3-BF4B-00C04F79EFBC}") = "DataBaseService", "DataBaseService\DataBaseService.csproj", "{28F9DDD3-3986-4A34-A991-34D281A89165}"
EndProject
Project("{FAE04EC0-301F-11D3-BF4B-00C04F79EFBC}") = "Models", "Models\Models.csproj", "{A789FA3A-FE76-46FE-87E2-D456F3CE01E8}"
EndProject
Global
	GlobalSection(SolutionConfigurationPlatforms) = preSolution
		Debug|Any CPU = Debug|Any CPU
		Release|Any CPU = Release|Any CPU
	EndGlobalSection
	GlobalSection(ProjectConfigurationPlatforms) = postSolution
		{6CAB479B-6021-4E22-BDC5-A6962004D6F9}.Debug|Any CPU.ActiveCfg = Debug|Any CPU
		{6CAB479B-6021-4E22-BDC5-A6962004D6F9}.Debug|Any CPU.Build.0 = Debug|Any CPU
		{6CAB479B-6021-4E22-BDC5-A6962004D6F9}.Release|Any CPU.ActiveCfg = Release|Any CPU
		{6CAB479B-6021-4E22-BDC5-A6962004D6F9}.Release|Any CPU.Build.0 = Release|Any CPU
		{28F9DDD3-3986-4A34-A991-34D281A89165}.Debug|Any CPU.ActiveCfg = Debug|Any CPU
		{28F9DDD3-3986-4A34-A991-34D281A89165}.Debug|Any CPU.Build.0 = Debug|Any CPU
		{28F9DDD3-3986-4A34-A991-34D281A89165}.Release|Any CPU.ActiveCfg = Release|Any CPU
		{28F9DDD3-3986-4A34-A991-34D281A89165}.Release|Any CPU.Build.0 = Release|Any CPU
		{A789FA3A-FE76-46FE-87E2-D456F3CE01E8}.Debug|Any CPU.ActiveCfg = Debug|Any CPU
		{A789FA3A-FE76-46FE-87E2-D456F3CE01E8}.Debug|Any CPU.Build.0 = Debug|Any CPU
		{A789FA3A-FE76-46FE-87E2-D456F3CE01E8}.Release|Any CPU.ActiveCfg = Release|Any CPU
		{A789FA3A-FE76-46FE-87E2-D456F3CE01E8}.Release|Any CPU.Build.0 = Release|Any CPU
	EndGlobalSection
	GlobalSection(SolutionProperties) = preSolution
		HideSolutionNode = FALSE
	EndGlobalSection
	GlobalSection(ExtensibilityGlobals) = postSolution
		SolutionGuid = {FF1ABED2-98BC-41C0-9BDC-5C35A7E5BC42}
	EndGlobalSection
EndGlobal
